// !$*UTF8*$!
{
	archiveVersion = 1;
	classes = {
	};
	objectVersion = 48;
	objects = {

/* Begin PBXBuildFile section */
		3F06E8CC1F9E56D6007A1D17 /* SQLiteRow.swift in Sources */ = {isa = PBXBuildFile; fileRef = 3F06E8CB1F9E56D6007A1D17 /* SQLiteRow.swift */; };
		3F06E8CE1F9E5923007A1D17 /* SQLiteRowSet.swift in Sources */ = {isa = PBXBuildFile; fileRef = 3F06E8CD1F9E5923007A1D17 /* SQLiteRowSet.swift */; };
		3F1368991FAE5AC700637559 /* Helper.swift in Sources */ = {isa = PBXBuildFile; fileRef = 3F1368981FAE5AC700637559 /* Helper.swift */; };
		3F13689B1FAE62E600637559 /* LearningCore.swift in Sources */ = {isa = PBXBuildFile; fileRef = 3F13689A1FAE62E600637559 /* LearningCore.swift */; };
		3F31ED201FA2A09D00BA9622 /* RandomNetwork.swift in Sources */ = {isa = PBXBuildFile; fileRef = 3F31ED1F1FA2A09D00BA9622 /* RandomNetwork.swift */; };
		3F31ED221FA2A53700BA9622 /* Random.swift in Sources */ = {isa = PBXBuildFile; fileRef = 3F31ED211FA2A53700BA9622 /* Random.swift */; };
		3F56008E1F9AC8DA007E708A /* OutputSet.swift in Sources */ = {isa = PBXBuildFile; fileRef = 3F56008D1F9AC8DA007E708A /* OutputSet.swift */; };
		3F5600901F9ACD2E007E708A /* GeneralError.swift in Sources */ = {isa = PBXBuildFile; fileRef = 3F56008F1F9ACD2E007E708A /* GeneralError.swift */; };
		3F60F0FD1F96C2F900FCCD8D /* SQLiteDatabase.swift in Sources */ = {isa = PBXBuildFile; fileRef = 3F60F0FC1F96C2F900FCCD8D /* SQLiteDatabase.swift */; };
		3F60F0FF1F96C3A900FCCD8D /* SQLiteTable.swift in Sources */ = {isa = PBXBuildFile; fileRef = 3F60F0FE1F96C3A900FCCD8D /* SQLiteTable.swift */; };
		3F60F1011F96C48800FCCD8D /* SQLiteStatement.swift in Sources */ = {isa = PBXBuildFile; fileRef = 3F60F1001F96C48800FCCD8D /* SQLiteStatement.swift */; };
		3F64ED5C1F97F72D0070DD04 /* Shell.swift in Sources */ = {isa = PBXBuildFile; fileRef = 3F64ED5B1F97F72D0070DD04 /* Shell.swift */; };
		3F66D5A01F9700660034C810 /* SQLiteRowSet_DEP.swift in Sources */ = {isa = PBXBuildFile; fileRef = 3F66D59F1F9700660034C810 /* SQLiteRowSet_DEP.swift */; };
		3F7F9DA41F9429940064994A /* main.swift in Sources */ = {isa = PBXBuildFile; fileRef = 3F7F9DA31F9429940064994A /* main.swift */; };
		3F8BDC181FA9560000449C08 /* NeuralIOSet.swift in Sources */ = {isa = PBXBuildFile; fileRef = 3F8BDC171FA9560000449C08 /* NeuralIOSet.swift */; };
		3F8BDC1A1FA9825A00449C08 /* TLSet.swift in Sources */ = {isa = PBXBuildFile; fileRef = 3F8BDC191FA9825A00449C08 /* TLSet.swift */; };
		3F8BDC1C1FAA48F400449C08 /* TLEntity.swift in Sources */ = {isa = PBXBuildFile; fileRef = 3F8BDC1B1FAA48F400449C08 /* TLEntity.swift */; };
		3F8BDC1E1FAAE38000449C08 /* LearningThread.swift in Sources */ = {isa = PBXBuildFile; fileRef = 3F8BDC1D1FAAE38000449C08 /* LearningThread.swift */; };
		3F8BDC231FACC78A00449C08 /* ProgressDataSet.swift in Sources */ = {isa = PBXBuildFile; fileRef = 3F8BDC221FACC78A00449C08 /* ProgressDataSet.swift */; };
		3F8BDC251FACC87000449C08 /* Display.swift in Sources */ = {isa = PBXBuildFile; fileRef = 3F8BDC241FACC87000449C08 /* Display.swift */; };
		3F8BDC271FACEB2A00449C08 /* Flag.swift in Sources */ = {isa = PBXBuildFile; fileRef = 3F8BDC261FACEB2A00449C08 /* Flag.swift */; };
		3F9167C01F97B63D00896572 /* Neuron.swift in Sources */ = {isa = PBXBuildFile; fileRef = 3F9167BF1F97B63D00896572 /* Neuron.swift */; };
		3F9167C21F97B6CB00896572 /* Connection.swift in Sources */ = {isa = PBXBuildFile; fileRef = 3F9167C11F97B6CB00896572 /* Connection.swift */; };
		3F9167C41F97B9AC00896572 /* InnovationGenerator.swift in Sources */ = {isa = PBXBuildFile; fileRef = 3F9167C31F97B9AC00896572 /* InnovationGenerator.swift */; };
		3F9167C61F97BBAF00896572 /* NeuralConnectionDataSet.swift in Sources */ = {isa = PBXBuildFile; fileRef = 3F9167C51F97BBAF00896572 /* NeuralConnectionDataSet.swift */; };
		3F9167CA1F97E25500896572 /* InputNeuron.swift in Sources */ = {isa = PBXBuildFile; fileRef = 3F9167C91F97E25500896572 /* InputNeuron.swift */; };
		3F9167CC1F97E25E00896572 /* OutputNeuron.swift in Sources */ = {isa = PBXBuildFile; fileRef = 3F9167CB1F97E25E00896572 /* OutputNeuron.swift */; };
		3F9167CE1F97E26500896572 /* HiddenNeuron.swift in Sources */ = {isa = PBXBuildFile; fileRef = 3F9167CD1F97E26500896572 /* HiddenNeuron.swift */; };
		3F9167D01F97E73C00896572 /* TernayThresholdNeuron.swift in Sources */ = {isa = PBXBuildFile; fileRef = 3F9167CF1F97E73C00896572 /* TernayThresholdNeuron.swift */; };
		3F9167D21F97E8B400896572 /* BinaryThresholdNeuron.swift in Sources */ = {isa = PBXBuildFile; fileRef = 3F9167D11F97E8B400896572 /* BinaryThresholdNeuron.swift */; };
		3F9167D41F97EAA800896572 /* SigmoidNeuron.swift in Sources */ = {isa = PBXBuildFile; fileRef = 3F9167D31F97EAA800896572 /* SigmoidNeuron.swift */; };
		3F9167D61F97EB7800896572 /* NeuralNetwork.swift in Sources */ = {isa = PBXBuildFile; fileRef = 3F9167D51F97EB7800896572 /* NeuralNetwork.swift */; };
		3F9167D81F97EEA200896572 /* NeuralError.swift in Sources */ = {isa = PBXBuildFile; fileRef = 3F9167D71F97EEA200896572 /* NeuralError.swift */; };
		3FCBA7921FAD834500851A0D /* CLGameTemplate.swift in Sources */ = {isa = PBXBuildFile; fileRef = 3FCBA7911FAD834500851A0D /* CLGameTemplate.swift */; };
		3FCBA7941FAD83B400851A0D /* CLEntity.swift in Sources */ = {isa = PBXBuildFile; fileRef = 3FCBA7931FAD83B400851A0D /* CLEntity.swift */; };
		3FCBA7961FAD858600851A0D /* CLFoundation.swift in Sources */ = {isa = PBXBuildFile; fileRef = 3FCBA7951FAD858600851A0D /* CLFoundation.swift */; };
		3FCBA79A1FAD87AB00851A0D /* CLSet.swift in Sources */ = {isa = PBXBuildFile; fileRef = 3FCBA7991FAD87AB00851A0D /* CLSet.swift */; };
		3FCBA79C1FAD8B5400851A0D /* LearningSet.swift in Sources */ = {isa = PBXBuildFile; fileRef = 3FCBA79B1FAD8B5400851A0D /* LearningSet.swift */; };
		3FCBA79E1FAD8BFA00851A0D /* LearningEntity.swift in Sources */ = {isa = PBXBuildFile; fileRef = 3FCBA79D1FAD8BFA00851A0D /* LearningEntity.swift */; };
		3FCBA7A01FAD8CCE00851A0D /* GrandMasterConfig.swift in Sources */ = {isa = PBXBuildFile; fileRef = 3FCBA79F1FAD8CCE00851A0D /* GrandMasterConfig.swift */; };
/* End PBXBuildFile section */

/* Begin PBXCopyFilesBuildPhase section */
		3F7F9D9E1F9429940064994A /* CopyFiles */ = {
			isa = PBXCopyFilesBuildPhase;
			buildActionMask = 2147483647;
			dstPath = /usr/share/man/man1/;
			dstSubfolderSpec = 0;
			files = (
			);
			runOnlyForDeploymentPostprocessing = 1;
		};
/* End PBXCopyFilesBuildPhase section */

/* Begin PBXFileReference section */
		3F06E8CB1F9E56D6007A1D17 /* SQLiteRow.swift */ = {isa = PBXFileReference; lastKnownFileType = sourcecode.swift; path = SQLiteRow.swift; sourceTree = "<group>"; };
		3F06E8CD1F9E5923007A1D17 /* SQLiteRowSet.swift */ = {isa = PBXFileReference; lastKnownFileType = sourcecode.swift; path = SQLiteRowSet.swift; sourceTree = "<group>"; };
		3F1368981FAE5AC700637559 /* Helper.swift */ = {isa = PBXFileReference; lastKnownFileType = sourcecode.swift; path = Helper.swift; sourceTree = "<group>"; };
		3F13689A1FAE62E600637559 /* LearningCore.swift */ = {isa = PBXFileReference; lastKnownFileType = sourcecode.swift; path = LearningCore.swift; sourceTree = "<group>"; };
		3F31ED1F1FA2A09D00BA9622 /* RandomNetwork.swift */ = {isa = PBXFileReference; lastKnownFileType = sourcecode.swift; path = RandomNetwork.swift; sourceTree = "<group>"; };
		3F31ED211FA2A53700BA9622 /* Random.swift */ = {isa = PBXFileReference; lastKnownFileType = sourcecode.swift; path = Random.swift; sourceTree = "<group>"; };
		3F56008D1F9AC8DA007E708A /* OutputSet.swift */ = {isa = PBXFileReference; lastKnownFileType = sourcecode.swift; path = OutputSet.swift; sourceTree = "<group>"; };
		3F56008F1F9ACD2E007E708A /* GeneralError.swift */ = {isa = PBXFileReference; lastKnownFileType = sourcecode.swift; path = GeneralError.swift; sourceTree = "<group>"; };
		3F60F0FC1F96C2F900FCCD8D /* SQLiteDatabase.swift */ = {isa = PBXFileReference; lastKnownFileType = sourcecode.swift; path = SQLiteDatabase.swift; sourceTree = "<group>"; };
		3F60F0FE1F96C3A900FCCD8D /* SQLiteTable.swift */ = {isa = PBXFileReference; lastKnownFileType = sourcecode.swift; path = SQLiteTable.swift; sourceTree = "<group>"; };
		3F60F1001F96C48800FCCD8D /* SQLiteStatement.swift */ = {isa = PBXFileReference; lastKnownFileType = sourcecode.swift; path = SQLiteStatement.swift; sourceTree = "<group>"; };
		3F64ED5B1F97F72D0070DD04 /* Shell.swift */ = {isa = PBXFileReference; fileEncoding = 4; lastKnownFileType = sourcecode.swift; path = Shell.swift; sourceTree = "<group>"; };
		3F66D59F1F9700660034C810 /* SQLiteRowSet_DEP.swift */ = {isa = PBXFileReference; lastKnownFileType = sourcecode.swift; path = SQLiteRowSet_DEP.swift; sourceTree = "<group>"; };
		3F7F9DA01F9429940064994A /* project-n */ = {isa = PBXFileReference; explicitFileType = "compiled.mach-o.executable"; includeInIndex = 0; path = "project-n"; sourceTree = BUILT_PRODUCTS_DIR; };
		3F7F9DA31F9429940064994A /* main.swift */ = {isa = PBXFileReference; lastKnownFileType = sourcecode.swift; path = main.swift; sourceTree = "<group>"; };
		3F8BDC171FA9560000449C08 /* NeuralIOSet.swift */ = {isa = PBXFileReference; lastKnownFileType = sourcecode.swift; path = NeuralIOSet.swift; sourceTree = "<group>"; };
		3F8BDC191FA9825A00449C08 /* TLSet.swift */ = {isa = PBXFileReference; lastKnownFileType = sourcecode.swift; path = TLSet.swift; sourceTree = "<group>"; };
		3F8BDC1B1FAA48F400449C08 /* TLEntity.swift */ = {isa = PBXFileReference; lastKnownFileType = sourcecode.swift; path = TLEntity.swift; sourceTree = "<group>"; };
		3F8BDC1D1FAAE38000449C08 /* LearningThread.swift */ = {isa = PBXFileReference; lastKnownFileType = sourcecode.swift; path = LearningThread.swift; sourceTree = "<group>"; };
		3F8BDC221FACC78A00449C08 /* ProgressDataSet.swift */ = {isa = PBXFileReference; lastKnownFileType = sourcecode.swift; path = ProgressDataSet.swift; sourceTree = "<group>"; };
		3F8BDC241FACC87000449C08 /* Display.swift */ = {isa = PBXFileReference; lastKnownFileType = sourcecode.swift; path = Display.swift; sourceTree = "<group>"; };
		3F8BDC261FACEB2A00449C08 /* Flag.swift */ = {isa = PBXFileReference; lastKnownFileType = sourcecode.swift; path = Flag.swift; sourceTree = "<group>"; };
		3F9167BF1F97B63D00896572 /* Neuron.swift */ = {isa = PBXFileReference; lastKnownFileType = sourcecode.swift; path = Neuron.swift; sourceTree = "<group>"; };
		3F9167C11F97B6CB00896572 /* Connection.swift */ = {isa = PBXFileReference; lastKnownFileType = sourcecode.swift; path = Connection.swift; sourceTree = "<group>"; };
		3F9167C31F97B9AC00896572 /* InnovationGenerator.swift */ = {isa = PBXFileReference; lastKnownFileType = sourcecode.swift; path = InnovationGenerator.swift; sourceTree = "<group>"; };
		3F9167C51F97BBAF00896572 /* NeuralConnectionDataSet.swift */ = {isa = PBXFileReference; lastKnownFileType = sourcecode.swift; path = NeuralConnectionDataSet.swift; sourceTree = "<group>"; };
		3F9167C91F97E25500896572 /* InputNeuron.swift */ = {isa = PBXFileReference; lastKnownFileType = sourcecode.swift; path = InputNeuron.swift; sourceTree = "<group>"; };
		3F9167CB1F97E25E00896572 /* OutputNeuron.swift */ = {isa = PBXFileReference; lastKnownFileType = sourcecode.swift; path = OutputNeuron.swift; sourceTree = "<group>"; };
		3F9167CD1F97E26500896572 /* HiddenNeuron.swift */ = {isa = PBXFileReference; lastKnownFileType = sourcecode.swift; path = HiddenNeuron.swift; sourceTree = "<group>"; };
		3F9167CF1F97E73C00896572 /* TernayThresholdNeuron.swift */ = {isa = PBXFileReference; lastKnownFileType = sourcecode.swift; path = TernayThresholdNeuron.swift; sourceTree = "<group>"; };
		3F9167D11F97E8B400896572 /* BinaryThresholdNeuron.swift */ = {isa = PBXFileReference; lastKnownFileType = sourcecode.swift; path = BinaryThresholdNeuron.swift; sourceTree = "<group>"; };
		3F9167D31F97EAA800896572 /* SigmoidNeuron.swift */ = {isa = PBXFileReference; lastKnownFileType = sourcecode.swift; path = SigmoidNeuron.swift; sourceTree = "<group>"; };
		3F9167D51F97EB7800896572 /* NeuralNetwork.swift */ = {isa = PBXFileReference; lastKnownFileType = sourcecode.swift; path = NeuralNetwork.swift; sourceTree = "<group>"; };
		3F9167D71F97EEA200896572 /* NeuralError.swift */ = {isa = PBXFileReference; lastKnownFileType = sourcecode.swift; path = NeuralError.swift; sourceTree = "<group>"; };
		3FCBA7911FAD834500851A0D /* CLGameTemplate.swift */ = {isa = PBXFileReference; lastKnownFileType = sourcecode.swift; path = CLGameTemplate.swift; sourceTree = "<group>"; };
		3FCBA7931FAD83B400851A0D /* CLEntity.swift */ = {isa = PBXFileReference; lastKnownFileType = sourcecode.swift; path = CLEntity.swift; sourceTree = "<group>"; };
		3FCBA7951FAD858600851A0D /* CLFoundation.swift */ = {isa = PBXFileReference; lastKnownFileType = sourcecode.swift; path = CLFoundation.swift; sourceTree = "<group>"; };
		3FCBA7991FAD87AB00851A0D /* CLSet.swift */ = {isa = PBXFileReference; lastKnownFileType = sourcecode.swift; path = CLSet.swift; sourceTree = "<group>"; };
		3FCBA79B1FAD8B5400851A0D /* LearningSet.swift */ = {isa = PBXFileReference; lastKnownFileType = sourcecode.swift; path = LearningSet.swift; sourceTree = "<group>"; };
		3FCBA79D1FAD8BFA00851A0D /* LearningEntity.swift */ = {isa = PBXFileReference; lastKnownFileType = sourcecode.swift; path = LearningEntity.swift; sourceTree = "<group>"; };
		3FCBA79F1FAD8CCE00851A0D /* GrandMasterConfig.swift */ = {isa = PBXFileReference; lastKnownFileType = sourcecode.swift; path = GrandMasterConfig.swift; sourceTree = "<group>"; };
/* End PBXFileReference section */

/* Begin PBXFrameworksBuildPhase section */
		3F7F9D9D1F9429940064994A /* Frameworks */ = {
			isa = PBXFrameworksBuildPhase;
			buildActionMask = 2147483647;
			files = (
			);
			runOnlyForDeploymentPostprocessing = 0;
		};
/* End PBXFrameworksBuildPhase section */

/* Begin PBXGroup section */
		3F56008A1F9AC810007E708A /* Machine Learning */ = {
			isa = PBXGroup;
			children = (
				3FCBA79F1FAD8CCE00851A0D /* GrandMasterConfig.swift */,
				3F56008D1F9AC8DA007E708A /* OutputSet.swift */,
				3F8BDC171FA9560000449C08 /* NeuralIOSet.swift */,
				3FCBA79D1FAD8BFA00851A0D /* LearningEntity.swift */,
				3FCBA79B1FAD8B5400851A0D /* LearningSet.swift */,
				3F8BDC1D1FAAE38000449C08 /* LearningThread.swift */,
				3F8BDC211FACC71F00449C08 /* Display */,
				3FCBA78F1FAD80C200851A0D /* Targeted Learning */,
				3FCBA7901FAD80E400851A0D /* Competitive Learning */,
				3F13689A1FAE62E600637559 /* LearningCore.swift */,
			);
			path = "Machine Learning";
			sourceTree = "<group>";
		};
		3F60F0FB1F96C2D300FCCD8D /* SQLite Interface */ = {
			isa = PBXGroup;
			children = (
				3F60F0FC1F96C2F900FCCD8D /* SQLiteDatabase.swift */,
				3F60F0FE1F96C3A900FCCD8D /* SQLiteTable.swift */,
				3F60F1001F96C48800FCCD8D /* SQLiteStatement.swift */,
				3F66D59F1F9700660034C810 /* SQLiteRowSet_DEP.swift */,
				3F06E8CD1F9E5923007A1D17 /* SQLiteRowSet.swift */,
				3F06E8CB1F9E56D6007A1D17 /* SQLiteRow.swift */,
			);
			path = "SQLite Interface";
			sourceTree = "<group>";
		};
		3F7F9D971F9429940064994A = {
			isa = PBXGroup;
			children = (
				3F9167C71F97C17F00896572 /* databases */,
				3F7F9DA21F9429940064994A /* project-n */,
				3F7F9DA11F9429940064994A /* Products */,
			);
			sourceTree = "<group>";
		};
		3F7F9DA11F9429940064994A /* Products */ = {
			isa = PBXGroup;
			children = (
				3F7F9DA01F9429940064994A /* project-n */,
			);
			name = Products;
			sourceTree = "<group>";
		};
		3F7F9DA21F9429940064994A /* project-n */ = {
			isa = PBXGroup;
			children = (
				3F7F9DA31F9429940064994A /* main.swift */,
				3F64ED5B1F97F72D0070DD04 /* Shell.swift */,
				3F56008F1F9ACD2E007E708A /* GeneralError.swift */,
				3F31ED211FA2A53700BA9622 /* Random.swift */,
				3F8BDC261FACEB2A00449C08 /* Flag.swift */,
				3F1368981FAE5AC700637559 /* Helper.swift */,
				3F9167BE1F97B61D00896572 /* Neural Network */,
				3F56008A1F9AC810007E708A /* Machine Learning */,
				3F60F0FB1F96C2D300FCCD8D /* SQLite Interface */,
			);
			path = "project-n";
			sourceTree = "<group>";
		};
		3F8BDC211FACC71F00449C08 /* Display */ = {
			isa = PBXGroup;
			children = (
				3F8BDC221FACC78A00449C08 /* ProgressDataSet.swift */,
				3F8BDC241FACC87000449C08 /* Display.swift */,
			);
			path = Display;
			sourceTree = "<group>";
		};
		3F9167BE1F97B61D00896572 /* Neural Network */ = {
			isa = PBXGroup;
			children = (
				3F31ED1F1FA2A09D00BA9622 /* RandomNetwork.swift */,
				3F9167D51F97EB7800896572 /* NeuralNetwork.swift */,
				3F9167C11F97B6CB00896572 /* Connection.swift */,
				3F9167BF1F97B63D00896572 /* Neuron.swift */,
				3F9167C91F97E25500896572 /* InputNeuron.swift */,
				3F9167CB1F97E25E00896572 /* OutputNeuron.swift */,
				3F9167CD1F97E26500896572 /* HiddenNeuron.swift */,
				3F9167C81F97E24600896572 /* Neuron Types */,
				3F9167C31F97B9AC00896572 /* InnovationGenerator.swift */,
				3F9167C51F97BBAF00896572 /* NeuralConnectionDataSet.swift */,
				3F9167D71F97EEA200896572 /* NeuralError.swift */,
			);
			path = "Neural Network";
			sourceTree = "<group>";
		};
		3F9167C71F97C17F00896572 /* databases */ = {
			isa = PBXGroup;
			children = (
			);
			path = databases;
			sourceTree = "<group>";
		};
		3F9167C81F97E24600896572 /* Neuron Types */ = {
			isa = PBXGroup;
			children = (
				3F9167CF1F97E73C00896572 /* TernayThresholdNeuron.swift */,
				3F9167D11F97E8B400896572 /* BinaryThresholdNeuron.swift */,
				3F9167D31F97EAA800896572 /* SigmoidNeuron.swift */,
			);
			path = "Neuron Types";
			sourceTree = "<group>";
		};
		3FCBA78F1FAD80C200851A0D /* Targeted Learning */ = {
			isa = PBXGroup;
			children = (
				3F8BDC191FA9825A00449C08 /* TLSet.swift */,
				3F8BDC1B1FAA48F400449C08 /* TLEntity.swift */,
			);
			path = "Targeted Learning";
			sourceTree = "<group>";
		};
		3FCBA7901FAD80E400851A0D /* Competitive Learning */ = {
			isa = PBXGroup;
			children = (
				3FCBA7911FAD834500851A0D /* CLGameTemplate.swift */,
				3FCBA7951FAD858600851A0D /* CLFoundation.swift */,
				3FCBA7931FAD83B400851A0D /* CLEntity.swift */,
				3FCBA7991FAD87AB00851A0D /* CLSet.swift */,
			);
			path = "Competitive Learning";
			sourceTree = "<group>";
		};
/* End PBXGroup section */

/* Begin PBXNativeTarget section */
		3F7F9D9F1F9429940064994A /* project-n */ = {
			isa = PBXNativeTarget;
			buildConfigurationList = 3F7F9DA71F9429940064994A /* Build configuration list for PBXNativeTarget "project-n" */;
			buildPhases = (
				3F7F9D9C1F9429940064994A /* Sources */,
				3F7F9D9D1F9429940064994A /* Frameworks */,
				3F7F9D9E1F9429940064994A /* CopyFiles */,
			);
			buildRules = (
			);
			dependencies = (
			);
			name = "project-n";
			productName = "project-n";
			productReference = 3F7F9DA01F9429940064994A /* project-n */;
			productType = "com.apple.product-type.tool";
		};
/* End PBXNativeTarget section */

/* Begin PBXProject section */
		3F7F9D981F9429940064994A /* Project object */ = {
			isa = PBXProject;
			attributes = {
				LastSwiftUpdateCheck = 0900;
				LastUpgradeCheck = 0900;
				ORGANIZATIONNAME = "Jeremy S";
				TargetAttributes = {
					3F7F9D9F1F9429940064994A = {
						CreatedOnToolsVersion = 9.0;
						LastSwiftMigration = 0900;
						ProvisioningStyle = Automatic;
					};
				};
			};
			buildConfigurationList = 3F7F9D9B1F9429940064994A /* Build configuration list for PBXProject "project-n" */;
			compatibilityVersion = "Xcode 8.0";
			developmentRegion = en;
			hasScannedForEncodings = 0;
			knownRegions = (
				en,
			);
			mainGroup = 3F7F9D971F9429940064994A;
			productRefGroup = 3F7F9DA11F9429940064994A /* Products */;
			projectDirPath = "";
			projectRoot = "";
			targets = (
				3F7F9D9F1F9429940064994A /* project-n */,
			);
		};
/* End PBXProject section */

/* Begin PBXSourcesBuildPhase section */
		3F7F9D9C1F9429940064994A /* Sources */ = {
			isa = PBXSourcesBuildPhase;
			buildActionMask = 2147483647;
			files = (
				3F64ED5C1F97F72D0070DD04 /* Shell.swift in Sources */,
				3F9167CE1F97E26500896572 /* HiddenNeuron.swift in Sources */,
				3F8BDC1C1FAA48F400449C08 /* TLEntity.swift in Sources */,
				3F9167C41F97B9AC00896572 /* InnovationGenerator.swift in Sources */,
				3F9167CA1F97E25500896572 /* InputNeuron.swift in Sources */,
				3F60F0FF1F96C3A900FCCD8D /* SQLiteTable.swift in Sources */,
				3F31ED201FA2A09D00BA9622 /* RandomNetwork.swift in Sources */,
				3F9167CC1F97E25E00896572 /* OutputNeuron.swift in Sources */,
				3F9167D41F97EAA800896572 /* SigmoidNeuron.swift in Sources */,
				3F31ED221FA2A53700BA9622 /* Random.swift in Sources */,
				3F5600901F9ACD2E007E708A /* GeneralError.swift in Sources */,
				3F8BDC1E1FAAE38000449C08 /* LearningThread.swift in Sources */,
				3FCBA79E1FAD8BFA00851A0D /* LearningEntity.swift in Sources */,
				3F60F0FD1F96C2F900FCCD8D /* SQLiteDatabase.swift in Sources */,
				3F06E8CC1F9E56D6007A1D17 /* SQLiteRow.swift in Sources */,
				3F9167D01F97E73C00896572 /* TernayThresholdNeuron.swift in Sources */,
				3FCBA79C1FAD8B5400851A0D /* LearningSet.swift in Sources */,
				3F7F9DA41F9429940064994A /* main.swift in Sources */,
				3F60F1011F96C48800FCCD8D /* SQLiteStatement.swift in Sources */,
				3F9167D81F97EEA200896572 /* NeuralError.swift in Sources */,
				3F9167C01F97B63D00896572 /* Neuron.swift in Sources */,
				3F9167C61F97BBAF00896572 /* NeuralConnectionDataSet.swift in Sources */,
				3F13689B1FAE62E600637559 /* LearningCore.swift in Sources */,
				3F8BDC181FA9560000449C08 /* NeuralIOSet.swift in Sources */,
				3F06E8CE1F9E5923007A1D17 /* SQLiteRowSet.swift in Sources */,
				3F66D5A01F9700660034C810 /* SQLiteRowSet_DEP.swift in Sources */,
				3FCBA7961FAD858600851A0D /* CLFoundation.swift in Sources */,
				3F1368991FAE5AC700637559 /* Helper.swift in Sources */,
				3F8BDC1A1FA9825A00449C08 /* TLSet.swift in Sources */,
				3F8BDC251FACC87000449C08 /* Display.swift in Sources */,
				3FCBA7921FAD834500851A0D /* CLGameTemplate.swift in Sources */,
				3F9167C21F97B6CB00896572 /* Connection.swift in Sources */,
				3FCBA7A01FAD8CCE00851A0D /* GrandMasterConfig.swift in Sources */,
				3F8BDC231FACC78A00449C08 /* ProgressDataSet.swift in Sources */,
				3F56008E1F9AC8DA007E708A /* OutputSet.swift in Sources */,
				3F9167D21F97E8B400896572 /* BinaryThresholdNeuron.swift in Sources */,
				3FCBA7941FAD83B400851A0D /* CLEntity.swift in Sources */,
				3F9167D61F97EB7800896572 /* NeuralNetwork.swift in Sources */,
				3FCBA79A1FAD87AB00851A0D /* CLSet.swift in Sources */,
				3F8BDC271FACEB2A00449C08 /* Flag.swift in Sources */,
			);
			runOnlyForDeploymentPostprocessing = 0;
		};
/* End PBXSourcesBuildPhase section */

/* Begin XCBuildConfiguration section */
		3F7F9DA51F9429940064994A /* Debug */ = {
			isa = XCBuildConfiguration;
			buildSettings = {
				ALWAYS_SEARCH_USER_PATHS = NO;
				CLANG_ANALYZER_NONNULL = YES;
				CLANG_ANALYZER_NUMBER_OBJECT_CONVERSION = YES_AGGRESSIVE;
				CLANG_CXX_LANGUAGE_STANDARD = "gnu++14";
				CLANG_CXX_LIBRARY = "libc++";
				CLANG_ENABLE_MODULES = YES;
				CLANG_ENABLE_OBJC_ARC = YES;
				CLANG_WARN_BLOCK_CAPTURE_AUTORELEASING = YES;
				CLANG_WARN_BOOL_CONVERSION = YES;
				CLANG_WARN_COMMA = YES;
				CLANG_WARN_CONSTANT_CONVERSION = YES;
				CLANG_WARN_DIRECT_OBJC_ISA_USAGE = YES_ERROR;
				CLANG_WARN_DOCUMENTATION_COMMENTS = YES;
				CLANG_WARN_EMPTY_BODY = YES;
				CLANG_WARN_ENUM_CONVERSION = YES;
				CLANG_WARN_INFINITE_RECURSION = YES;
				CLANG_WARN_INT_CONVERSION = YES;
				CLANG_WARN_NON_LITERAL_NULL_CONVERSION = YES;
				CLANG_WARN_OBJC_LITERAL_CONVERSION = YES;
				CLANG_WARN_OBJC_ROOT_CLASS = YES_ERROR;
				CLANG_WARN_RANGE_LOOP_ANALYSIS = YES;
				CLANG_WARN_STRICT_PROTOTYPES = YES;
				CLANG_WARN_SUSPICIOUS_MOVE = YES;
				CLANG_WARN_UNGUARDED_AVAILABILITY = YES_AGGRESSIVE;
				CLANG_WARN_UNREACHABLE_CODE = YES;
				CLANG_WARN__DUPLICATE_METHOD_MATCH = YES;
				CODE_SIGN_IDENTITY = "-";
				COPY_PHASE_STRIP = NO;
				DEBUG_INFORMATION_FORMAT = dwarf;
				ENABLE_STRICT_OBJC_MSGSEND = YES;
				ENABLE_TESTABILITY = YES;
				GCC_C_LANGUAGE_STANDARD = gnu11;
				GCC_DYNAMIC_NO_PIC = NO;
				GCC_NO_COMMON_BLOCKS = YES;
				GCC_OPTIMIZATION_LEVEL = 0;
				GCC_PREPROCESSOR_DEFINITIONS = (
					"DEBUG=1",
					"$(inherited)",
				);
				GCC_WARN_64_TO_32_BIT_CONVERSION = YES;
				GCC_WARN_ABOUT_RETURN_TYPE = YES_ERROR;
				GCC_WARN_UNDECLARED_SELECTOR = YES;
				GCC_WARN_UNINITIALIZED_AUTOS = YES_AGGRESSIVE;
				GCC_WARN_UNUSED_FUNCTION = YES;
				GCC_WARN_UNUSED_VARIABLE = YES;
				MACOSX_DEPLOYMENT_TARGET = 10.12;
				MTL_ENABLE_DEBUG_INFO = YES;
				ONLY_ACTIVE_ARCH = YES;
				SDKROOT = macosx;
				SWIFT_ACTIVE_COMPILATION_CONDITIONS = DEBUG;
				SWIFT_OPTIMIZATION_LEVEL = "-Onone";
			};
			name = Debug;
		};
		3F7F9DA61F9429940064994A /* Release */ = {
			isa = XCBuildConfiguration;
			buildSettings = {
				ALWAYS_SEARCH_USER_PATHS = NO;
				CLANG_ANALYZER_NONNULL = YES;
				CLANG_ANALYZER_NUMBER_OBJECT_CONVERSION = YES_AGGRESSIVE;
				CLANG_CXX_LANGUAGE_STANDARD = "gnu++14";
				CLANG_CXX_LIBRARY = "libc++";
				CLANG_ENABLE_MODULES = YES;
				CLANG_ENABLE_OBJC_ARC = YES;
				CLANG_WARN_BLOCK_CAPTURE_AUTORELEASING = YES;
				CLANG_WARN_BOOL_CONVERSION = YES;
				CLANG_WARN_COMMA = YES;
				CLANG_WARN_CONSTANT_CONVERSION = YES;
				CLANG_WARN_DIRECT_OBJC_ISA_USAGE = YES_ERROR;
				CLANG_WARN_DOCUMENTATION_COMMENTS = YES;
				CLANG_WARN_EMPTY_BODY = YES;
				CLANG_WARN_ENUM_CONVERSION = YES;
				CLANG_WARN_INFINITE_RECURSION = YES;
				CLANG_WARN_INT_CONVERSION = YES;
				CLANG_WARN_NON_LITERAL_NULL_CONVERSION = YES;
				CLANG_WARN_OBJC_LITERAL_CONVERSION = YES;
				CLANG_WARN_OBJC_ROOT_CLASS = YES_ERROR;
				CLANG_WARN_RANGE_LOOP_ANALYSIS = YES;
				CLANG_WARN_STRICT_PROTOTYPES = YES;
				CLANG_WARN_SUSPICIOUS_MOVE = YES;
				CLANG_WARN_UNGUARDED_AVAILABILITY = YES_AGGRESSIVE;
				CLANG_WARN_UNREACHABLE_CODE = YES;
				CLANG_WARN__DUPLICATE_METHOD_MATCH = YES;
				CODE_SIGN_IDENTITY = "-";
				COPY_PHASE_STRIP = NO;
				DEBUG_INFORMATION_FORMAT = "dwarf-with-dsym";
				ENABLE_NS_ASSERTIONS = NO;
				ENABLE_STRICT_OBJC_MSGSEND = YES;
				GCC_C_LANGUAGE_STANDARD = gnu11;
				GCC_NO_COMMON_BLOCKS = YES;
				GCC_WARN_64_TO_32_BIT_CONVERSION = YES;
				GCC_WARN_ABOUT_RETURN_TYPE = YES_ERROR;
				GCC_WARN_UNDECLARED_SELECTOR = YES;
				GCC_WARN_UNINITIALIZED_AUTOS = YES_AGGRESSIVE;
				GCC_WARN_UNUSED_FUNCTION = YES;
				GCC_WARN_UNUSED_VARIABLE = YES;
				MACOSX_DEPLOYMENT_TARGET = 10.12;
				MTL_ENABLE_DEBUG_INFO = NO;
				SDKROOT = macosx;
				SWIFT_OPTIMIZATION_LEVEL = "-Owholemodule";
			};
			name = Release;
		};
		3F7F9DA81F9429940064994A /* Debug */ = {
			isa = XCBuildConfiguration;
			buildSettings = {
				CLANG_ENABLE_MODULES = YES;
				CODE_SIGN_STYLE = Automatic;
				LD_RUNPATH_SEARCH_PATHS = "$(inherited) @executable_path/../Frameworks @loader_path/../Frameworks";
				PRODUCT_NAME = "$(TARGET_NAME)";
				SWIFT_OPTIMIZATION_LEVEL = "-Onone";
				SWIFT_VERSION = 4.0;
			};
			name = Debug;
		};
		3F7F9DA91F9429940064994A /* Release */ = {
			isa = XCBuildConfiguration;
			buildSettings = {
				CLANG_ENABLE_MODULES = YES;
				CODE_SIGN_STYLE = Automatic;
				LD_RUNPATH_SEARCH_PATHS = "$(inherited) @executable_path/../Frameworks @loader_path/../Frameworks";
				PRODUCT_NAME = "$(TARGET_NAME)";
				SWIFT_VERSION = 4.0;
			};
			name = Release;
		};
/* End XCBuildConfiguration section */

/* Begin XCConfigurationList section */
		3F7F9D9B1F9429940064994A /* Build configuration list for PBXProject "project-n" */ = {
			isa = XCConfigurationList;
			buildConfigurations = (
				3F7F9DA51F9429940064994A /* Debug */,
				3F7F9DA61F9429940064994A /* Release */,
			);
			defaultConfigurationIsVisible = 0;
			defaultConfigurationName = Release;
		};
		3F7F9DA71F9429940064994A /* Build configuration list for PBXNativeTarget "project-n" */ = {
			isa = XCConfigurationList;
			buildConfigurations = (
				3F7F9DA81F9429940064994A /* Debug */,
				3F7F9DA91F9429940064994A /* Release */,
			);
			defaultConfigurationIsVisible = 0;
			defaultConfigurationName = Release;
		};
/* End XCConfigurationList section */
	};
	rootObject = 3F7F9D981F9429940064994A /* Project object */;
}
